
Microsoft Visual Studio Solution File, Format Version 12.00
# Visual Studio Version 17
VisualStudioVersion = 17.12.35707.178
MinimumVisualStudioVersion = 10.0.40219.1
Project("{FAE04EC0-301F-11D3-BF4B-00C04F79EFBC}") = "API", "API\API.csproj", "{EC1DA394-EDD6-4A4F-823B-0B86D966FAF1}"
EndProject
Project("{FAE04EC0-301F-11D3-BF4B-00C04F79EFBC}") = "Front", "Front\Front\Front.csproj", "{957E9360-3D87-4886-99F0-2E212CD8D697}"
EndProject
Project("{FAE04EC0-301F-11D3-BF4B-00C04F79EFBC}") = "Front.Client", "Front\Front.Client\Front.Client.csproj", "{26BEE9C3-9CF2-4959-B291-095CBD5C1837}"
EndProject
Global
	GlobalSection(SolutionConfigurationPlatforms) = preSolution
		Debug|Any CPU = Debug|Any CPU
		Release|Any CPU = Release|Any CPU
	EndGlobalSection
	GlobalSection(ProjectConfigurationPlatforms) = postSolution
		{EC1DA394-EDD6-4A4F-823B-0B86D966FAF1}.Debug|Any CPU.ActiveCfg = Debug|Any CPU
		{EC1DA394-EDD6-4A4F-823B-0B86D966FAF1}.Debug|Any CPU.Build.0 = Debug|Any CPU
		{EC1DA394-EDD6-4A4F-823B-0B86D966FAF1}.Release|Any CPU.ActiveCfg = Release|Any CPU
		{EC1DA394-EDD6-4A4F-823B-0B86D966FAF1}.Release|Any CPU.Build.0 = Release|Any CPU
		{957E9360-3D87-4886-99F0-2E212CD8D697}.Debug|Any CPU.ActiveCfg = Debug|Any CPU
		{957E9360-3D87-4886-99F0-2E212CD8D697}.Debug|Any CPU.Build.0 = Debug|Any CPU
		{957E9360-3D87-4886-99F0-2E212CD8D697}.Release|Any CPU.ActiveCfg = Release|Any CPU
		{957E9360-3D87-4886-99F0-2E212CD8D697}.Release|Any CPU.Build.0 = Release|Any CPU
		{26BEE9C3-9CF2-4959-B291-095CBD5C1837}.Debug|Any CPU.ActiveCfg = Debug|Any CPU
		{26BEE9C3-9CF2-4959-B291-095CBD5C1837}.Debug|Any CPU.Build.0 = Debug|Any CPU
		{26BEE9C3-9CF2-4959-B291-095CBD5C1837}.Release|Any CPU.ActiveCfg = Release|Any CPU
		{26BEE9C3-9CF2-4959-B291-095CBD5C1837}.Release|Any CPU.Build.0 = Release|Any CPU
	EndGlobalSection
	GlobalSection(SolutionProperties) = preSolution
		HideSolutionNode = FALSE
	EndGlobalSection
EndGlobal
